Microsoft Visual Studio Solution File, Format Version 12.00
# Visual Studio Version 17
VisualStudioVersion = 17.5.2.0
MinimumVisualStudioVersion = 10.0.40219.1
Project("{FAE04EC0-301F-11D3-BF4B-00C04F79EFBC}") = "api_gerenciamento_tarefas", "api_gerenciamento_tarefas.csproj", "{78016F79-FC8E-0787-6E39-2FAFCA428EE3}"
EndProject
Global
	GlobalSection(SolutionConfigurationPlatforms) = preSolution
		Debug|Any CPU = Debug|Any CPU
		Release|Any CPU = Release|Any CPU
	EndGlobalSection
	GlobalSection(ProjectConfigurationPlatforms) = postSolution
		{78016F79-FC8E-0787-6E39-2FAFCA428EE3}.Debug|Any CPU.ActiveCfg = Debug|Any CPU
		{78016F79-FC8E-0787-6E39-2FAFCA428EE3}.Debug|Any CPU.Build.0 = Debug|Any CPU
		{78016F79-FC8E-0787-6E39-2FAFCA428EE3}.Release|Any CPU.ActiveCfg = Release|Any CPU
		{78016F79-FC8E-0787-6E39-2FAFCA428EE3}.Release|Any CPU.Build.0 = Release|Any CPU
	EndGlobalSection
	GlobalSection(SolutionProperties) = preSolution
		HideSolutionNode = FALSE
	EndGlobalSection
	GlobalSection(ExtensibilityGlobals) = postSolution
		SolutionGuid = {6B8D0915-1A03-45A1-92F6-95A30735F912}
	EndGlobalSection
EndGlobal
